// !$*UTF8*$!
{
	archiveVersion = 1;
	classes = {
	};
	objectVersion = 50;
	objects = {

/* Begin PBXBuildFile section */
		030742E7260970D400D46A5A /* Controls.swift in Sources */ = {isa = PBXBuildFile; fileRef = 030742E6260970D400D46A5A /* Controls.swift */; };
		030742E926098F6100D46A5A /* Conversions.swift in Sources */ = {isa = PBXBuildFile; fileRef = 030742E826098F6100D46A5A /* Conversions.swift */; };
		0326C78025F2052E00240D77 /* Sensors.swift in Sources */ = {isa = PBXBuildFile; fileRef = 0326C77F25F2052E00240D77 /* Sensors.swift */; };
		03742EB2260BA79000441251 /* CoreController.swift in Sources */ = {isa = PBXBuildFile; fileRef = 03742EB1260BA79000441251 /* CoreController.swift */; };
		03A3353C25E8B6F0004F65DD /* PhoneIoTApp.swift in Sources */ = {isa = PBXBuildFile; fileRef = 03A3353B25E8B6F0004F65DD /* PhoneIoTApp.swift */; };
		03A3353E25E8B6F0004F65DD /* ContentView.swift in Sources */ = {isa = PBXBuildFile; fileRef = 03A3353D25E8B6F0004F65DD /* ContentView.swift */; };
		03A3354025E8B6F1004F65DD /* Assets.xcassets in Resources */ = {isa = PBXBuildFile; fileRef = 03A3353F25E8B6F1004F65DD /* Assets.xcassets */; };
		03A3354325E8B6F1004F65DD /* Preview Assets.xcassets in Resources */ = {isa = PBXBuildFile; fileRef = 03A3354225E8B6F1004F65DD /* Preview Assets.xcassets */; };
		03E5FD9C2980D234005BC87D /* WatchIoT.app in Embed Watch Content */ = {isa = PBXBuildFile; fileRef = 03E5FD8F2980D233005BC87D /* WatchIoT.app */; settings = {ATTRIBUTES = (RemoveHeadersOnCopy, ); }; };
/* End PBXBuildFile section */

/* Begin PBXContainerItemProxy section */
		03E5FD9A2980D234005BC87D /* PBXContainerItemProxy */ = {
			isa = PBXContainerItemProxy;
			containerPortal = 03A3353025E8B6F0004F65DD /* Project object */;
			proxyType = 1;
			remoteGlobalIDString = 03E5FD8E2980D233005BC87D;
			remoteInfo = "WatchIoT Watch App";
		};
/* End PBXContainerItemProxy section */

/* Begin PBXCopyFilesBuildPhase section */
		03E5FD9D2980D234005BC87D /* Embed Watch Content */ = {
			isa = PBXCopyFilesBuildPhase;
			buildActionMask = 2147483647;
			dstPath = "$(CONTENTS_FOLDER_PATH)/Watch";
			dstSubfolderSpec = 16;
			files = (
				03E5FD9C2980D234005BC87D /* WatchIoT.app in Embed Watch Content */,
			);
			name = "Embed Watch Content";
			runOnlyForDeploymentPostprocessing = 0;
		};
/* End PBXCopyFilesBuildPhase section */

/* Begin PBXFileReference section */
		030742E6260970D400D46A5A /* Controls.swift */ = {isa = PBXFileReference; lastKnownFileType = sourcecode.swift; path = Controls.swift; sourceTree = "<group>"; };
		030742E826098F6100D46A5A /* Conversions.swift */ = {isa = PBXFileReference; lastKnownFileType = sourcecode.swift; path = Conversions.swift; sourceTree = "<group>"; };
		0326C77F25F2052E00240D77 /* Sensors.swift */ = {isa = PBXFileReference; lastKnownFileType = sourcecode.swift; path = Sensors.swift; sourceTree = "<group>"; };
		03742EB1260BA79000441251 /* CoreController.swift */ = {isa = PBXFileReference; lastKnownFileType = sourcecode.swift; path = CoreController.swift; sourceTree = "<group>"; };
		03A3353825E8B6F0004F65DD /* PhoneIoT.app */ = {isa = PBXFileReference; explicitFileType = wrapper.application; includeInIndex = 0; path = PhoneIoT.app; sourceTree = BUILT_PRODUCTS_DIR; };
		03A3353B25E8B6F0004F65DD /* PhoneIoTApp.swift */ = {isa = PBXFileReference; lastKnownFileType = sourcecode.swift; path = PhoneIoTApp.swift; sourceTree = "<group>"; };
		03A3353D25E8B6F0004F65DD /* ContentView.swift */ = {isa = PBXFileReference; lastKnownFileType = sourcecode.swift; path = ContentView.swift; sourceTree = "<group>"; };
		03A3353F25E8B6F1004F65DD /* Assets.xcassets */ = {isa = PBXFileReference; lastKnownFileType = folder.assetcatalog; path = Assets.xcassets; sourceTree = "<group>"; };
		03A3354225E8B6F1004F65DD /* Preview Assets.xcassets */ = {isa = PBXFileReference; lastKnownFileType = folder.assetcatalog; path = "Preview Assets.xcassets"; sourceTree = "<group>"; };
		03A3354425E8B6F1004F65DD /* Info.plist */ = {isa = PBXFileReference; lastKnownFileType = text.plist.xml; path = Info.plist; sourceTree = "<group>"; };
		03E5FD8F2980D233005BC87D /* WatchIoT.app */ = {isa = PBXFileReference; explicitFileType = wrapper.application; includeInIndex = 0; path = WatchIoT.app; sourceTree = BUILT_PRODUCTS_DIR; };
		03E5FDA72980D2D9005BC87D /* WatchIoTApp.swift */ = {isa = PBXFileReference; lastKnownFileType = sourcecode.swift; path = WatchIoTApp.swift; sourceTree = "<group>"; };
		03E5FDA92980D2D9005BC87D /* ContentView.swift */ = {isa = PBXFileReference; lastKnownFileType = sourcecode.swift; path = ContentView.swift; sourceTree = "<group>"; };
		03E5FDAB2980D2DA005BC87D /* Assets.xcassets */ = {isa = PBXFileReference; lastKnownFileType = folder.assetcatalog; path = Assets.xcassets; sourceTree = "<group>"; };
		03E5FDAE2980D2DA005BC87D /* Preview Assets.xcassets */ = {isa = PBXFileReference; lastKnownFileType = folder.assetcatalog; path = "Preview Assets.xcassets"; sourceTree = "<group>"; };
/* End PBXFileReference section */

/* Begin PBXFrameworksBuildPhase section */
		03A3353525E8B6F0004F65DD /* Frameworks */ = {
			isa = PBXFrameworksBuildPhase;
			buildActionMask = 2147483647;
			files = (
			);
			runOnlyForDeploymentPostprocessing = 0;
		};
		03E5FD8C2980D233005BC87D /* Frameworks */ = {
			isa = PBXFrameworksBuildPhase;
			buildActionMask = 2147483647;
			files = (
			);
			runOnlyForDeploymentPostprocessing = 0;
		};
/* End PBXFrameworksBuildPhase section */

/* Begin PBXGroup section */
		03A3352F25E8B6F0004F65DD = {
			isa = PBXGroup;
			children = (
				03A3353A25E8B6F0004F65DD /* PhoneIoT */,
				03E5FDA62980D2D9005BC87D /* WatchIoT */,
				03A3353925E8B6F0004F65DD /* Products */,
			);
			sourceTree = "<group>";
		};
		03A3353925E8B6F0004F65DD /* Products */ = {
			isa = PBXGroup;
			children = (
				03A3353825E8B6F0004F65DD /* PhoneIoT.app */,
				03E5FD8F2980D233005BC87D /* WatchIoT.app */,
			);
			name = Products;
			sourceTree = "<group>";
		};
		03A3353A25E8B6F0004F65DD /* PhoneIoT */ = {
			isa = PBXGroup;
			children = (
				03A3353B25E8B6F0004F65DD /* PhoneIoTApp.swift */,
				03A3353D25E8B6F0004F65DD /* ContentView.swift */,
				03A3353F25E8B6F1004F65DD /* Assets.xcassets */,
				03A3354425E8B6F1004F65DD /* Info.plist */,
				03A3354125E8B6F1004F65DD /* Preview Content */,
				0326C77F25F2052E00240D77 /* Sensors.swift */,
				030742E6260970D400D46A5A /* Controls.swift */,
				030742E826098F6100D46A5A /* Conversions.swift */,
				03742EB1260BA79000441251 /* CoreController.swift */,
			);
			path = PhoneIoT;
			sourceTree = "<group>";
		};
		03A3354125E8B6F1004F65DD /* Preview Content */ = {
			isa = PBXGroup;
			children = (
				03A3354225E8B6F1004F65DD /* Preview Assets.xcassets */,
			);
			path = "Preview Content";
			sourceTree = "<group>";
		};
		03E5FDA62980D2D9005BC87D /* WatchIoT */ = {
			isa = PBXGroup;
			children = (
				03E5FDA72980D2D9005BC87D /* WatchIoTApp.swift */,
				03E5FDA92980D2D9005BC87D /* ContentView.swift */,
				03E5FDAB2980D2DA005BC87D /* Assets.xcassets */,
				03E5FDAD2980D2DA005BC87D /* Preview Content */,
			);
			path = WatchIoT;
			sourceTree = "<group>";
		};
		03E5FDAD2980D2DA005BC87D /* Preview Content */ = {
			isa = PBXGroup;
			children = (
				03E5FDAE2980D2DA005BC87D /* Preview Assets.xcassets */,
			);
			path = "Preview Content";
			sourceTree = "<group>";
		};
/* End PBXGroup section */

/* Begin PBXNativeTarget section */
		03A3353725E8B6F0004F65DD /* PhoneIoT */ = {
			isa = PBXNativeTarget;
			buildConfigurationList = 03A3354725E8B6F1004F65DD /* Build configuration list for PBXNativeTarget "PhoneIoT" */;
			buildPhases = (
				03A3353425E8B6F0004F65DD /* Sources */,
				03A3353525E8B6F0004F65DD /* Frameworks */,
				03A3353625E8B6F0004F65DD /* Resources */,
				03E5FD9D2980D234005BC87D /* Embed Watch Content */,
			);
			buildRules = (
			);
			dependencies = (
				03E5FD9B2980D234005BC87D /* PBXTargetDependency */,
			);
			name = PhoneIoT;
			productName = PhoneIoT;
			productReference = 03A3353825E8B6F0004F65DD /* PhoneIoT.app */;
			productType = "com.apple.product-type.application";
		};
		03E5FD8E2980D233005BC87D /* WatchIoT */ = {
			isa = PBXNativeTarget;
			buildConfigurationList = 03E5FDA02980D234005BC87D /* Build configuration list for PBXNativeTarget "WatchIoT" */;
			buildPhases = (
				03E5FD8B2980D233005BC87D /* Sources */,
				03E5FD8C2980D233005BC87D /* Frameworks */,
				03E5FD8D2980D233005BC87D /* Resources */,
			);
			buildRules = (
			);
			dependencies = (
			);
			name = WatchIoT;
			productName = "WatchIoT Watch App";
			productReference = 03E5FD8F2980D233005BC87D /* WatchIoT.app */;
			productType = "com.apple.product-type.application";
		};
/* End PBXNativeTarget section */

/* Begin PBXProject section */
		03A3353025E8B6F0004F65DD /* Project object */ = {
			isa = PBXProject;
			attributes = {
				LastSwiftUpdateCheck = 1420;
				LastUpgradeCheck = 1250;
				TargetAttributes = {
					03A3353725E8B6F0004F65DD = {
						CreatedOnToolsVersion = 12.5;
					};
					03E5FD8E2980D233005BC87D = {
						CreatedOnToolsVersion = 14.2;
					};
				};
			};
			buildConfigurationList = 03A3353325E8B6F0004F65DD /* Build configuration list for PBXProject "PhoneIoT" */;
			compatibilityVersion = "Xcode 9.3";
			developmentRegion = en;
			hasScannedForEncodings = 0;
			knownRegions = (
				en,
				Base,
			);
			mainGroup = 03A3352F25E8B6F0004F65DD;
			productRefGroup = 03A3353925E8B6F0004F65DD /* Products */;
			projectDirPath = "";
			projectRoot = "";
			targets = (
				03A3353725E8B6F0004F65DD /* PhoneIoT */,
				03E5FD8E2980D233005BC87D /* WatchIoT */,
			);
		};
/* End PBXProject section */

/* Begin PBXResourcesBuildPhase section */
		03A3353625E8B6F0004F65DD /* Resources */ = {
			isa = PBXResourcesBuildPhase;
			buildActionMask = 2147483647;
			files = (
				03A3354325E8B6F1004F65DD /* Preview Assets.xcassets in Resources */,
				03A3354025E8B6F1004F65DD /* Assets.xcassets in Resources */,
			);
			runOnlyForDeploymentPostprocessing = 0;
		};
		03E5FD8D2980D233005BC87D /* Resources */ = {
			isa = PBXResourcesBuildPhase;
			buildActionMask = 2147483647;
			files = (
			);
			runOnlyForDeploymentPostprocessing = 0;
		};
/* End PBXResourcesBuildPhase section */

/* Begin PBXSourcesBuildPhase section */
		03A3353425E8B6F0004F65DD /* Sources */ = {
			isa = PBXSourcesBuildPhase;
			buildActionMask = 2147483647;
			files = (
				030742E926098F6100D46A5A /* Conversions.swift in Sources */,
				03A3353E25E8B6F0004F65DD /* ContentView.swift in Sources */,
				030742E7260970D400D46A5A /* Controls.swift in Sources */,
				03A3353C25E8B6F0004F65DD /* PhoneIoTApp.swift in Sources */,
				03742EB2260BA79000441251 /* CoreController.swift in Sources */,
				0326C78025F2052E00240D77 /* Sensors.swift in Sources */,
			);
			runOnlyForDeploymentPostprocessing = 0;
		};
		03E5FD8B2980D233005BC87D /* Sources */ = {
			isa = PBXSourcesBuildPhase;
			buildActionMask = 2147483647;
			files = (
			);
			runOnlyForDeploymentPostprocessing = 0;
		};
/* End PBXSourcesBuildPhase section */

/* Begin PBXTargetDependency section */
		03E5FD9B2980D234005BC87D /* PBXTargetDependency */ = {
			isa = PBXTargetDependency;
			target = 03E5FD8E2980D233005BC87D /* WatchIoT */;
			targetProxy = 03E5FD9A2980D234005BC87D /* PBXContainerItemProxy */;
		};
/* End PBXTargetDependency section */

/* Begin XCBuildConfiguration section */
		03A3354525E8B6F1004F65DD /* Debug */ = {
			isa = XCBuildConfiguration;
			buildSettings = {
				ALWAYS_SEARCH_USER_PATHS = NO;
				CLANG_ANALYZER_NONNULL = YES;
				CLANG_ANALYZER_NUMBER_OBJECT_CONVERSION = YES_AGGRESSIVE;
				CLANG_CXX_LANGUAGE_STANDARD = "gnu++14";
				CLANG_CXX_LIBRARY = "libc++";
				CLANG_ENABLE_MODULES = YES;
				CLANG_ENABLE_OBJC_ARC = YES;
				CLANG_ENABLE_OBJC_WEAK = YES;
				CLANG_WARN_BLOCK_CAPTURE_AUTORELEASING = YES;
				CLANG_WARN_BOOL_CONVERSION = YES;
				CLANG_WARN_COMMA = YES;
				CLANG_WARN_CONSTANT_CONVERSION = YES;
				CLANG_WARN_DEPRECATED_OBJC_IMPLEMENTATIONS = YES;
				CLANG_WARN_DIRECT_OBJC_ISA_USAGE = YES_ERROR;
				CLANG_WARN_DOCUMENTATION_COMMENTS = YES;
				CLANG_WARN_EMPTY_BODY = YES;
				CLANG_WARN_ENUM_CONVERSION = YES;
				CLANG_WARN_INFINITE_RECURSION = YES;
				CLANG_WARN_INT_CONVERSION = YES;
				CLANG_WARN_NON_LITERAL_NULL_CONVERSION = YES;
				CLANG_WARN_OBJC_IMPLICIT_RETAIN_SELF = YES;
				CLANG_WARN_OBJC_LITERAL_CONVERSION = YES;
				CLANG_WARN_OBJC_ROOT_CLASS = YES_ERROR;
				CLANG_WARN_QUOTED_INCLUDE_IN_FRAMEWORK_HEADER = YES;
				CLANG_WARN_RANGE_LOOP_ANALYSIS = YES;
				CLANG_WARN_STRICT_PROTOTYPES = YES;
				CLANG_WARN_SUSPICIOUS_MOVE = YES;
				CLANG_WARN_UNGUARDED_AVAILABILITY = YES_AGGRESSIVE;
				CLANG_WARN_UNREACHABLE_CODE = YES;
				CLANG_WARN__DUPLICATE_METHOD_MATCH = YES;
				COPY_PHASE_STRIP = NO;
				DEBUG_INFORMATION_FORMAT = dwarf;
				ENABLE_STRICT_OBJC_MSGSEND = YES;
				ENABLE_TESTABILITY = YES;
				GCC_C_LANGUAGE_STANDARD = gnu11;
				GCC_DYNAMIC_NO_PIC = NO;
				GCC_NO_COMMON_BLOCKS = YES;
				GCC_OPTIMIZATION_LEVEL = 0;
				GCC_PREPROCESSOR_DEFINITIONS = (
					"DEBUG=1",
					"$(inherited)",
				);
				GCC_WARN_64_TO_32_BIT_CONVERSION = YES;
				GCC_WARN_ABOUT_RETURN_TYPE = YES_ERROR;
				GCC_WARN_UNDECLARED_SELECTOR = YES;
				GCC_WARN_UNINITIALIZED_AUTOS = YES_AGGRESSIVE;
				GCC_WARN_UNUSED_FUNCTION = YES;
				GCC_WARN_UNUSED_VARIABLE = YES;
				IPHONEOS_DEPLOYMENT_TARGET = 14.5;
				MTL_ENABLE_DEBUG_INFO = INCLUDE_SOURCE;
				MTL_FAST_MATH = YES;
				ONLY_ACTIVE_ARCH = YES;
				SDKROOT = iphoneos;
				SWIFT_ACTIVE_COMPILATION_CONDITIONS = DEBUG;
				SWIFT_OPTIMIZATION_LEVEL = "-Onone";
				TARGETED_DEVICE_FAMILY = "1,2";
			};
			name = Debug;
		};
		03A3354625E8B6F1004F65DD /* Release */ = {
			isa = XCBuildConfiguration;
			buildSettings = {
				ALWAYS_SEARCH_USER_PATHS = NO;
				CLANG_ANALYZER_NONNULL = YES;
				CLANG_ANALYZER_NUMBER_OBJECT_CONVERSION = YES_AGGRESSIVE;
				CLANG_CXX_LANGUAGE_STANDARD = "gnu++14";
				CLANG_CXX_LIBRARY = "libc++";
				CLANG_ENABLE_MODULES = YES;
				CLANG_ENABLE_OBJC_ARC = YES;
				CLANG_ENABLE_OBJC_WEAK = YES;
				CLANG_WARN_BLOCK_CAPTURE_AUTORELEASING = YES;
				CLANG_WARN_BOOL_CONVERSION = YES;
				CLANG_WARN_COMMA = YES;
				CLANG_WARN_CONSTANT_CONVERSION = YES;
				CLANG_WARN_DEPRECATED_OBJC_IMPLEMENTATIONS = YES;
				CLANG_WARN_DIRECT_OBJC_ISA_USAGE = YES_ERROR;
				CLANG_WARN_DOCUMENTATION_COMMENTS = YES;
				CLANG_WARN_EMPTY_BODY = YES;
				CLANG_WARN_ENUM_CONVERSION = YES;
				CLANG_WARN_INFINITE_RECURSION = YES;
				CLANG_WARN_INT_CONVERSION = YES;
				CLANG_WARN_NON_LITERAL_NULL_CONVERSION = YES;
				CLANG_WARN_OBJC_IMPLICIT_RETAIN_SELF = YES;
				CLANG_WARN_OBJC_LITERAL_CONVERSION = YES;
				CLANG_WARN_OBJC_ROOT_CLASS = YES_ERROR;
				CLANG_WARN_QUOTED_INCLUDE_IN_FRAMEWORK_HEADER = YES;
				CLANG_WARN_RANGE_LOOP_ANALYSIS = YES;
				CLANG_WARN_STRICT_PROTOTYPES = YES;
				CLANG_WARN_SUSPICIOUS_MOVE = YES;
				CLANG_WARN_UNGUARDED_AVAILABILITY = YES_AGGRESSIVE;
				CLANG_WARN_UNREACHABLE_CODE = YES;
				CLANG_WARN__DUPLICATE_METHOD_MATCH = YES;
				COPY_PHASE_STRIP = NO;
				DEBUG_INFORMATION_FORMAT = "dwarf-with-dsym";
				ENABLE_NS_ASSERTIONS = NO;
				ENABLE_STRICT_OBJC_MSGSEND = YES;
				GCC_C_LANGUAGE_STANDARD = gnu11;
				GCC_NO_COMMON_BLOCKS = YES;
				GCC_WARN_64_TO_32_BIT_CONVERSION = YES;
				GCC_WARN_ABOUT_RETURN_TYPE = YES_ERROR;
				GCC_WARN_UNDECLARED_SELECTOR = YES;
				GCC_WARN_UNINITIALIZED_AUTOS = YES_AGGRESSIVE;
				GCC_WARN_UNUSED_FUNCTION = YES;
				GCC_WARN_UNUSED_VARIABLE = YES;
				IPHONEOS_DEPLOYMENT_TARGET = 14.5;
				MTL_ENABLE_DEBUG_INFO = NO;
				MTL_FAST_MATH = YES;
				SDKROOT = iphoneos;
				SWIFT_COMPILATION_MODE = wholemodule;
				SWIFT_OPTIMIZATION_LEVEL = "-O";
				TARGETED_DEVICE_FAMILY = "1,2";
				VALIDATE_PRODUCT = YES;
			};
			name = Release;
		};
		03A3354825E8B6F1004F65DD /* Debug */ = {
			isa = XCBuildConfiguration;
			buildSettings = {
				ASSETCATALOG_COMPILER_APPICON_NAME = AppIcon;
				ASSETCATALOG_COMPILER_GLOBAL_ACCENT_COLOR_NAME = AccentColor;
				CODE_SIGN_STYLE = Automatic;
				DEVELOPMENT_ASSET_PATHS = "\"PhoneIoT/Preview Content\"";
				DEVELOPMENT_TEAM = DWFZZW83V8;
				ENABLE_PREVIEWS = YES;
				INFOPLIST_FILE = PhoneIoT/Info.plist;
				IPHONEOS_DEPLOYMENT_TARGET = 14.0;
				LD_RUNPATH_SEARCH_PATHS = (
					"$(inherited)",
					"@executable_path/Frameworks",
				);
				PRODUCT_BUNDLE_IDENTIFIER = NetsBlox.PhoneIoT;
				PRODUCT_NAME = "$(TARGET_NAME)";
				SWIFT_VERSION = 5.0;
				TARGETED_DEVICE_FAMILY = "1,2";
			};
			name = Debug;
		};
		03A3354925E8B6F1004F65DD /* Release */ = {
			isa = XCBuildConfiguration;
			buildSettings = {
				ASSETCATALOG_COMPILER_APPICON_NAME = AppIcon;
				ASSETCATALOG_COMPILER_GLOBAL_ACCENT_COLOR_NAME = AccentColor;
				CODE_SIGN_STYLE = Automatic;
				DEVELOPMENT_ASSET_PATHS = "\"PhoneIoT/Preview Content\"";
				DEVELOPMENT_TEAM = DWFZZW83V8;
				ENABLE_PREVIEWS = YES;
				INFOPLIST_FILE = PhoneIoT/Info.plist;
				IPHONEOS_DEPLOYMENT_TARGET = 14.0;
				LD_RUNPATH_SEARCH_PATHS = (
					"$(inherited)",
					"@executable_path/Frameworks",
				);
				PRODUCT_BUNDLE_IDENTIFIER = NetsBlox.PhoneIoT;
				PRODUCT_NAME = "$(TARGET_NAME)";
				SWIFT_VERSION = 5.0;
				TARGETED_DEVICE_FAMILY = "1,2";
			};
			name = Release;
		};
		03E5FD9E2980D234005BC87D /* Debug */ = {
			isa = XCBuildConfiguration;
			buildSettings = {
				ASSETCATALOG_COMPILER_APPICON_NAME = AppIcon;
				ASSETCATALOG_COMPILER_GLOBAL_ACCENT_COLOR_NAME = AccentColor;
				CLANG_CXX_LANGUAGE_STANDARD = "gnu++20";
				CODE_SIGN_STYLE = Automatic;
				CURRENT_PROJECT_VERSION = 1;
				DEVELOPMENT_ASSET_PATHS = "\"WatchIoT/Preview Content\"";
				DEVELOPMENT_TEAM = DWFZZW83V8;
				ENABLE_PREVIEWS = YES;
				GENERATE_INFOPLIST_FILE = YES;
				INFOPLIST_KEY_CFBundleDisplayName = WatchIoT;
				INFOPLIST_KEY_UISupportedInterfaceOrientations = "UIInterfaceOrientationPortrait UIInterfaceOrientationPortraitUpsideDown";
				INFOPLIST_KEY_WKCompanionAppBundleIdentifier = NetsBlox.PhoneIoT;
				LD_RUNPATH_SEARCH_PATHS = (
					"$(inherited)",
					"@executable_path/Frameworks",
				);
				MARKETING_VERSION = 1.0;
				PRODUCT_BUNDLE_IDENTIFIER = NetsBlox.PhoneIoT.watchkitapp;
				PRODUCT_NAME = "$(TARGET_NAME)";
				SDKROOT = watchos;
				SKIP_INSTALL = YES;
				SWIFT_EMIT_LOC_STRINGS = YES;
				SWIFT_VERSION = 5.0;
				TARGETED_DEVICE_FAMILY = 4;
				WATCHOS_DEPLOYMENT_TARGET = 9.1;
			};
			name = Debug;
		};
		03E5FD9F2980D234005BC87D /* Release */ = {
			isa = XCBuildConfiguration;
			buildSettings = {
				ASSETCATALOG_COMPILER_APPICON_NAME = AppIcon;
				ASSETCATALOG_COMPILER_GLOBAL_ACCENT_COLOR_NAME = AccentColor;
				CLANG_CXX_LANGUAGE_STANDARD = "gnu++20";
				CODE_SIGN_STYLE = Automatic;
				CURRENT_PROJECT_VERSION = 1;
				DEVELOPMENT_ASSET_PATHS = "\"WatchIoT/Preview Content\"";
				DEVELOPMENT_TEAM = DWFZZW83V8;
				ENABLE_PREVIEWS = YES;
				GENERATE_INFOPLIST_FILE = YES;
				INFOPLIST_KEY_CFBundleDisplayName = WatchIoT;
				INFOPLIST_KEY_UISupportedInterfaceOrientations = "UIInterfaceOrientationPortrait UIInterfaceOrientationPortraitUpsideDown";
				INFOPLIST_KEY_WKCompanionAppBundleIdentifier = NetsBlox.PhoneIoT;
				LD_RUNPATH_SEARCH_PATHS = (
					"$(inherited)",
					"@executable_path/Frameworks",
				);
				MARKETING_VERSION = 1.0;
				PRODUCT_BUNDLE_IDENTIFIER = NetsBlox.PhoneIoT.watchkitapp;
				PRODUCT_NAME = "$(TARGET_NAME)";
				SDKROOT = watchos;
				SKIP_INSTALL = YES;
				SWIFT_EMIT_LOC_STRINGS = YES;
				SWIFT_VERSION = 5.0;
				TARGETED_DEVICE_FAMILY = 4;
				WATCHOS_DEPLOYMENT_TARGET = 9.1;
			};
			name = Release;
		};
/* End XCBuildConfiguration section */

/* Begin XCConfigurationList section */
		03A3353325E8B6F0004F65DD /* Build configuration list for PBXProject "PhoneIoT" */ = {
			isa = XCConfigurationList;
			buildConfigurations = (
				03A3354525E8B6F1004F65DD /* Debug */,
				03A3354625E8B6F1004F65DD /* Release */,
			);
			defaultConfigurationIsVisible = 0;
			defaultConfigurationName = Release;
		};
		03A3354725E8B6F1004F65DD /* Build configuration list for PBXNativeTarget "PhoneIoT" */ = {
			isa = XCConfigurationList;
			buildConfigurations = (
				03A3354825E8B6F1004F65DD /* Debug */,
				03A3354925E8B6F1004F65DD /* Release */,
			);
			defaultConfigurationIsVisible = 0;
			defaultConfigurationName = Release;
		};
		03E5FDA02980D234005BC87D /* Build configuration list for PBXNativeTarget "WatchIoT" */ = {
			isa = XCConfigurationList;
			buildConfigurations = (
				03E5FD9E2980D234005BC87D /* Debug */,
				03E5FD9F2980D234005BC87D /* Release */,
			);
			defaultConfigurationIsVisible = 0;
			defaultConfigurationName = Release;
		};
/* End XCConfigurationList section */
	};
	rootObject = 03A3353025E8B6F0004F65DD /* Project object */;
}
